
Microsoft Visual Studio Solution File, Format Version 12.00
# Visual Studio Version 16
VisualStudioVersion = 16.0.28407.52
MinimumVisualStudioVersion = 10.0.40219.1
Project("{FAE04EC0-301F-11D3-BF4B-00C04F79EFBC}") = "e_inf_17okt_cs", "e_inf_17okt_cs\e_inf_17okt_cs.csproj", "{055D307F-47E6-49C0-B980-D5E335D6469E}"
EndProject
Global
	GlobalSection(SolutionConfigurationPlatforms) = preSolution
		Debug|Any CPU = Debug|Any CPU
		Release|Any CPU = Release|Any CPU
	EndGlobalSection
	GlobalSection(ProjectConfigurationPlatforms) = postSolution
		{055D307F-47E6-49C0-B980-D5E335D6469E}.Debug|Any CPU.ActiveCfg = Debug|Any CPU
		{055D307F-47E6-49C0-B980-D5E335D6469E}.Debug|Any CPU.Build.0 = Debug|Any CPU
		{055D307F-47E6-49C0-B980-D5E335D6469E}.Release|Any CPU.ActiveCfg = Release|Any CPU
		{055D307F-47E6-49C0-B980-D5E335D6469E}.Release|Any CPU.Build.0 = Release|Any CPU
	EndGlobalSection
	GlobalSection(SolutionProperties) = preSolution
		HideSolutionNode = FALSE
	EndGlobalSection
	GlobalSection(ExtensibilityGlobals) = postSolution
		SolutionGuid = {0C423671-0502-4241-B777-224699F3DF8C}
	EndGlobalSection
EndGlobal
